// !$*UTF8*$!
{
	archiveVersion = 1;
	classes = {
	};
	objectVersion = 48;
	objects = {

/* Begin PBXBuildFile section */
		3289939620747AD9007BCA79 /* AppDelegate.m in Sources */ = {isa = PBXBuildFile; fileRef = 3289939520747AD9007BCA79 /* AppDelegate.m */; };
		3289939920747AD9007BCA79 /* ViewController.m in Sources */ = {isa = PBXBuildFile; fileRef = 3289939820747AD9007BCA79 /* ViewController.m */; };
		3289939C20747AD9007BCA79 /* Main.storyboard in Resources */ = {isa = PBXBuildFile; fileRef = 3289939A20747AD9007BCA79 /* Main.storyboard */; };
		3289939E20747AD9007BCA79 /* Assets.xcassets in Resources */ = {isa = PBXBuildFile; fileRef = 3289939D20747AD9007BCA79 /* Assets.xcassets */; };
		328993A120747AD9007BCA79 /* LaunchScreen.storyboard in Resources */ = {isa = PBXBuildFile; fileRef = 3289939F20747AD9007BCA79 /* LaunchScreen.storyboard */; };
		328993A420747AD9007BCA79 /* main.m in Sources */ = {isa = PBXBuildFile; fileRef = 328993A320747AD9007BCA79 /* main.m */; };
		328993AE20747AD9007BCA79 /* TestTests.m in Sources */ = {isa = PBXBuildFile; fileRef = 328993AD20747AD9007BCA79 /* TestTests.m */; };
		328993B920747AD9007BCA79 /* TestUITests.m in Sources */ = {isa = PBXBuildFile; fileRef = 328993B820747AD9007BCA79 /* TestUITests.m */; };
/* End PBXBuildFile section */

/* Begin PBXContainerItemProxy section */
		328993AA20747AD9007BCA79 /* PBXContainerItemProxy */ = {
			isa = PBXContainerItemProxy;
			containerPortal = 3289938920747AD9007BCA79 /* Project object */;
			proxyType = 1;
			remoteGlobalIDString = 3289939020747AD9007BCA79;
			remoteInfo = Test;
		};
		328993B520747AD9007BCA79 /* PBXContainerItemProxy */ = {
			isa = PBXContainerItemProxy;
			containerPortal = 3289938920747AD9007BCA79 /* Project object */;
			proxyType = 1;
			remoteGlobalIDString = 3289939020747AD9007BCA79;
			remoteInfo = Test;
		};
/* End PBXContainerItemProxy section */

/* Begin PBXFileReference section */
		3289939120747AD9007BCA79 /* Test.app */ = {isa = PBXFileReference; explicitFileType = wrapper.application; includeInIndex = 0; path = Test.app; sourceTree = BUILT_PRODUCTS_DIR; };
		3289939420747AD9007BCA79 /* AppDelegate.h */ = {isa = PBXFileReference; lastKnownFileType = sourcecode.c.h; path = AppDelegate.h; sourceTree = "<group>"; };
		3289939520747AD9007BCA79 /* AppDelegate.m */ = {isa = PBXFileReference; lastKnownFileType = sourcecode.c.objc; path = AppDelegate.m; sourceTree = "<group>"; };
		3289939720747AD9007BCA79 /* ViewController.h */ = {isa = PBXFileReference; lastKnownFileType = sourcecode.c.h; path = ViewController.h; sourceTree = "<group>"; };
		3289939820747AD9007BCA79 /* ViewController.m */ = {isa = PBXFileReference; lastKnownFileType = sourcecode.c.objc; path = ViewController.m; sourceTree = "<group>"; };
		3289939B20747AD9007BCA79 /* Base */ = {isa = PBXFileReference; lastKnownFileType = file.storyboard; name = Base; path = Base.lproj/Main.storyboard; sourceTree = "<group>"; };
		3289939D20747AD9007BCA79 /* Assets.xcassets */ = {isa = PBXFileReference; lastKnownFileType = folder.assetcatalog; path = Assets.xcassets; sourceTree = "<group>"; };
		328993A020747AD9007BCA79 /* Base */ = {isa = PBXFileReference; lastKnownFileType = file.storyboard; name = Base; path = Base.lproj/LaunchScreen.storyboard; sourceTree = "<group>"; };
		328993A220747AD9007BCA79 /* Info.plist */ = {isa = PBXFileReference; lastKnownFileType = text.plist.xml; path = Info.plist; sourceTree = "<group>"; };
		328993A320747AD9007BCA79 /* main.m */ = {isa = PBXFileReference; lastKnownFileType = sourcecode.c.objc; path = main.m; sourceTree = "<group>"; };
		328993A920747AD9007BCA79 /* TestTests.xctest */ = {isa = PBXFileReference; explicitFileType = wrapper.cfbundle; includeInIndex = 0; path = TestTests.xctest; sourceTree = BUILT_PRODUCTS_DIR; };
		328993AD20747AD9007BCA79 /* TestTests.m */ = {isa = PBXFileReference; lastKnownFileType = sourcecode.c.objc; path = TestTests.m; sourceTree = "<group>"; };
		328993AF20747AD9007BCA79 /* Info.plist */ = {isa = PBXFileReference; lastKnownFileType = text.plist.xml; path = Info.plist; sourceTree = "<group>"; };
		328993B420747AD9007BCA79 /* TestUITests.xctest */ = {isa = PBXFileReference; explicitFileType = wrapper.cfbundle; includeInIndex = 0; path = TestUITests.xctest; sourceTree = BUILT_PRODUCTS_DIR; };
		328993B820747AD9007BCA79 /* TestUITests.m */ = {isa = PBXFileReference; lastKnownFileType = sourcecode.c.objc; path = TestUITests.m; sourceTree = "<group>"; };
		328993BA20747AD9007BCA79 /* Info.plist */ = {isa = PBXFileReference; lastKnownFileType = text.plist.xml; path = Info.plist; sourceTree = "<group>"; };
/* End PBXFileReference section */

/* Begin PBXFrameworksBuildPhase section */
		3289938E20747AD9007BCA79 /* Frameworks */ = {
			isa = PBXFrameworksBuildPhase;
			buildActionMask = 2147483647;
			files = (
			);
			runOnlyForDeploymentPostprocessing = 0;
		};
		328993A620747AD9007BCA79 /* Frameworks */ = {
			isa = PBXFrameworksBuildPhase;
			buildActionMask = 2147483647;
			files = (
			);
			runOnlyForDeploymentPostprocessing = 0;
		};
		328993B120747AD9007BCA79 /* Frameworks */ = {
			isa = PBXFrameworksBuildPhase;
			buildActionMask = 2147483647;
			files = (
			);
			runOnlyForDeploymentPostprocessing = 0;
		};
/* End PBXFrameworksBuildPhase section */

/* Begin PBXGroup section */
		3289938820747AD9007BCA79 = {
			isa = PBXGroup;
			children = (
				3289939320747AD9007BCA79 /* Test */,
				328993AC20747AD9007BCA79 /* TestTests */,
				328993B720747AD9007BCA79 /* TestUITests */,
				3289939220747AD9007BCA79 /* Products */,
			);
			sourceTree = "<group>";
		};
		3289939220747AD9007BCA79 /* Products */ = {
			isa = PBXGroup;
			children = (
				3289939120747AD9007BCA79 /* Test.app */,
				328993A920747AD9007BCA79 /* TestTests.xctest */,
				328993B420747AD9007BCA79 /* TestUITests.xctest */,
			);
			name = Products;
			sourceTree = "<group>";
		};
		3289939320747AD9007BCA79 /* Test */ = {
			isa = PBXGroup;
			children = (
				3289939420747AD9007BCA79 /* AppDelegate.h */,
				3289939520747AD9007BCA79 /* AppDelegate.m */,
				3289939720747AD9007BCA79 /* ViewController.h */,
				3289939820747AD9007BCA79 /* ViewController.m */,
				3289939A20747AD9007BCA79 /* Main.storyboard */,
				3289939D20747AD9007BCA79 /* Assets.xcassets */,
				3289939F20747AD9007BCA79 /* LaunchScreen.storyboard */,
				328993A220747AD9007BCA79 /* Info.plist */,
				328993A320747AD9007BCA79 /* main.m */,
			);
			path = Test;
			sourceTree = "<group>";
		};
		328993AC20747AD9007BCA79 /* TestTests */ = {
			isa = PBXGroup;
			children = (
				328993AD20747AD9007BCA79 /* TestTests.m */,
				328993AF20747AD9007BCA79 /* Info.plist */,
			);
			path = TestTests;
			sourceTree = "<group>";
		};
		328993B720747AD9007BCA79 /* TestUITests */ = {
			isa = PBXGroup;
			children = (
				328993B820747AD9007BCA79 /* TestUITests.m */,
				328993BA20747AD9007BCA79 /* Info.plist */,
			);
			path = TestUITests;
			sourceTree = "<group>";
		};
/* End PBXGroup section */

/* Begin PBXNativeTarget section */
		3289939020747AD9007BCA79 /* Test */ = {
			isa = PBXNativeTarget;
			buildConfigurationList = 328993BD20747AD9007BCA79 /* Build configuration list for PBXNativeTarget "Test" */;
			buildPhases = (
				3289938D20747AD9007BCA79 /* Sources */,
				3289938E20747AD9007BCA79 /* Frameworks */,
				3289938F20747AD9007BCA79 /* Resources */,
			);
			buildRules = (
			);
			dependencies = (
			);
			name = Test;
			productName = Test;
			productReference = 3289939120747AD9007BCA79 /* Test.app */;
			productType = "com.apple.product-type.application";
		};
		328993A820747AD9007BCA79 /* TestTests */ = {
			isa = PBXNativeTarget;
			buildConfigurationList = 328993C020747AD9007BCA79 /* Build configuration list for PBXNativeTarget "TestTests" */;
			buildPhases = (
				328993A520747AD9007BCA79 /* Sources */,
				328993A620747AD9007BCA79 /* Frameworks */,
				328993A720747AD9007BCA79 /* Resources */,
			);
			buildRules = (
			);
			dependencies = (
				328993AB20747AD9007BCA79 /* PBXTargetDependency */,
			);
			name = TestTests;
			productName = TestTests;
			productReference = 328993A920747AD9007BCA79 /* TestTests.xctest */;
			productType = "com.apple.product-type.bundle.unit-test";
		};
		328993B320747AD9007BCA79 /* TestUITests */ = {
			isa = PBXNativeTarget;
			buildConfigurationList = 328993C320747AD9007BCA79 /* Build configuration list for PBXNativeTarget "TestUITests" */;
			buildPhases = (
				328993B020747AD9007BCA79 /* Sources */,
				328993B120747AD9007BCA79 /* Frameworks */,
				328993B220747AD9007BCA79 /* Resources */,
			);
			buildRules = (
			);
			dependencies = (
				328993B620747AD9007BCA79 /* PBXTargetDependency */,
			);
			name = TestUITests;
			productName = TestUITests;
			productReference = 328993B420747AD9007BCA79 /* TestUITests.xctest */;
			productType = "com.apple.product-type.bundle.ui-testing";
		};
/* End PBXNativeTarget section */

/* Begin PBXProject section */
		3289938920747AD9007BCA79 /* Project object */ = {
			isa = PBXProject;
			attributes = {
				LastUpgradeCheck = 0920;
				ORGANIZATIONNAME = wanggang;
				TargetAttributes = {
					3289939020747AD9007BCA79 = {
						CreatedOnToolsVersion = 9.2;
						ProvisioningStyle = Automatic;
					};
					328993A820747AD9007BCA79 = {
						CreatedOnToolsVersion = 9.2;
						ProvisioningStyle = Automatic;
						TestTargetID = 3289939020747AD9007BCA79;
					};
					328993B320747AD9007BCA79 = {
						CreatedOnToolsVersion = 9.2;
						ProvisioningStyle = Automatic;
						TestTargetID = 3289939020747AD9007BCA79;
					};
				};
			};
			buildConfigurationList = 3289938C20747AD9007BCA79 /* Build configuration list for PBXProject "Test" */;
			compatibilityVersion = "Xcode 8.0";
			developmentRegion = en;
			hasScannedForEncodings = 0;
			knownRegions = (
				en,
				Base,
			);
			mainGroup = 3289938820747AD9007BCA79;
			productRefGroup = 3289939220747AD9007BCA79 /* Products */;
			projectDirPath = "";
			projectRoot = "";
			targets = (
				3289939020747AD9007BCA79 /* Test */,
				328993A820747AD9007BCA79 /* TestTests */,
				328993B320747AD9007BCA79 /* TestUITests */,
			);
		};
/* End PBXProject section */

/* Begin PBXResourcesBuildPhase section */
		3289938F20747AD9007BCA79 /* Resources */ = {
			isa = PBXResourcesBuildPhase;
			buildActionMask = 2147483647;
			files = (
				328993A120747AD9007BCA79 /* LaunchScreen.storyboard in Resources */,
				3289939E20747AD9007BCA79 /* Assets.xcassets in Resources */,
				3289939C20747AD9007BCA79 /* Main.storyboard in Resources */,
			);
			runOnlyForDeploymentPostprocessing = 0;
		};
		328993A720747AD9007BCA79 /* Resources */ = {
			isa = PBXResourcesBuildPhase;
			buildActionMask = 2147483647;
			files = (
			);
			runOnlyForDeploymentPostprocessing = 0;
		};
		328993B220747AD9007BCA79 /* Resources */ = {
			isa = PBXResourcesBuildPhase;
			buildActionMask = 2147483647;
			files = (
			);
			runOnlyForDeploymentPostprocessing = 0;
		};
/* End PBXResourcesBuildPhase section */

/* Begin PBXSourcesBuildPhase section */
		3289938D20747AD9007BCA79 /* Sources */ = {
			isa = PBXSourcesBuildPhase;
			buildActionMask = 2147483647;
			files = (
				3289939920747AD9007BCA79 /* ViewController.m in Sources */,
				328993A420747AD9007BCA79 /* main.m in Sources */,
				3289939620747AD9007BCA79 /* AppDelegate.m in Sources */,
			);
			runOnlyForDeploymentPostprocessing = 0;
		};
		328993A520747AD9007BCA79 /* Sources */ = {
			isa = PBXSourcesBuildPhase;
			buildActionMask = 2147483647;
			files = (
				328993AE20747AD9007BCA79 /* TestTests.m in Sources */,
			);
			runOnlyForDeploymentPostprocessing = 0;
		};
		328993B020747AD9007BCA79 /* Sources */ = {
			isa = PBXSourcesBuildPhase;
			buildActionMask = 2147483647;
			files = (
				328993B920747AD9007BCA79 /* TestUITests.m in Sources */,
			);
			runOnlyForDeploymentPostprocessing = 0;
		};
/* End PBXSourcesBuildPhase section */

/* Begin PBXTargetDependency section */
		328993AB20747AD9007BCA79 /* PBXTargetDependency */ = {
			isa = PBXTargetDependency;
			target = 3289939020747AD9007BCA79 /* Test */;
			targetProxy = 328993AA20747AD9007BCA79 /* PBXContainerItemProxy */;
		};
		328993B620747AD9007BCA79 /* PBXTargetDependency */ = {
			isa = PBXTargetDependency;
			target = 3289939020747AD9007BCA79 /* Test */;
			targetProxy = 328993B520747AD9007BCA79 /* PBXContainerItemProxy */;
		};
/* End PBXTargetDependency section */

/* Begin PBXVariantGroup section */
		3289939A20747AD9007BCA79 /* Main.storyboard */ = {
			isa = PBXVariantGroup;
			children = (
				3289939B20747AD9007BCA79 /* Base */,
			);
			name = Main.storyboard;
			sourceTree = "<group>";
		};
		3289939F20747AD9007BCA79 /* LaunchScreen.storyboard */ = {
			isa = PBXVariantGroup;
			children = (
				328993A020747AD9007BCA79 /* Base */,
			);
			name = LaunchScreen.storyboard;
			sourceTree = "<group>";
		};
/* End PBXVariantGroup section */

/* Begin XCBuildConfiguration section */
		328993BB20747AD9007BCA79 /* Debug */ = {
			isa = XCBuildConfiguration;
			buildSettings = {
				ALWAYS_SEARCH_USER_PATHS = NO;
				CLANG_ANALYZER_NONNULL = YES;
				CLANG_ANALYZER_NUMBER_OBJECT_CONVERSION = YES_AGGRESSIVE;
				CLANG_CXX_LANGUAGE_STANDARD = "gnu++14";
				CLANG_CXX_LIBRARY = "libc++";
				CLANG_ENABLE_MODULES = YES;
				CLANG_ENABLE_OBJC_ARC = YES;
				CLANG_WARN_BLOCK_CAPTURE_AUTORELEASING = YES;
				CLANG_WARN_BOOL_CONVERSION = YES;
				CLANG_WARN_COMMA = YES;
				CLANG_WARN_CONSTANT_CONVERSION = YES;
				CLANG_WARN_DIRECT_OBJC_ISA_USAGE = YES_ERROR;
				CLANG_WARN_DOCUMENTATION_COMMENTS = YES;
				CLANG_WARN_EMPTY_BODY = YES;
				CLANG_WARN_ENUM_CONVERSION = YES;
				CLANG_WARN_INFINITE_RECURSION = YES;
				CLANG_WARN_INT_CONVERSION = YES;
				CLANG_WARN_NON_LITERAL_NULL_CONVERSION = YES;
				CLANG_WARN_OBJC_LITERAL_CONVERSION = YES;
				CLANG_WARN_OBJC_ROOT_CLASS = YES_ERROR;
				CLANG_WARN_RANGE_LOOP_ANALYSIS = YES;
				CLANG_WARN_STRICT_PROTOTYPES = YES;
				CLANG_WARN_SUSPICIOUS_MOVE = YES;
				CLANG_WARN_UNGUARDED_AVAILABILITY = YES_AGGRESSIVE;
				CLANG_WARN_UNREACHABLE_CODE = YES;
				CLANG_WARN__DUPLICATE_METHOD_MATCH = YES;
				CODE_SIGN_IDENTITY = "iPhone Developer";
				COPY_PHASE_STRIP = NO;
				DEBUG_INFORMATION_FORMAT = dwarf;
				ENABLE_STRICT_OBJC_MSGSEND = YES;
				ENABLE_TESTABILITY = YES;
				GCC_C_LANGUAGE_STANDARD = gnu11;
				GCC_DYNAMIC_NO_PIC = NO;
				GCC_NO_COMMON_BLOCKS = YES;
				GCC_OPTIMIZATION_LEVEL = 0;
				GCC_PREPROCESSOR_DEFINITIONS = (
					"DEBUG=1",
					"$(inherited)",
				);
				GCC_WARN_64_TO_32_BIT_CONVERSION = YES;
				GCC_WARN_ABOUT_RETURN_TYPE = YES_ERROR;
				GCC_WARN_UNDECLARED_SELECTOR = YES;
				GCC_WARN_UNINITIALIZED_AUTOS = YES_AGGRESSIVE;
				GCC_WARN_UNUSED_FUNCTION = YES;
				GCC_WARN_UNUSED_VARIABLE = YES;
				IPHONEOS_DEPLOYMENT_TARGET = 11.2;
				MTL_ENABLE_DEBUG_INFO = YES;
				ONLY_ACTIVE_ARCH = YES;
				SDKROOT = iphoneos;
			};
			name = Debug;
		};
		328993BC20747AD9007BCA79 /* Release */ = {
			isa = XCBuildConfiguration;
			buildSettings = {
				ALWAYS_SEARCH_USER_PATHS = NO;
				CLANG_ANALYZER_NONNULL = YES;
				CLANG_ANALYZER_NUMBER_OBJECT_CONVERSION = YES_AGGRESSIVE;
				CLANG_CXX_LANGUAGE_STANDARD = "gnu++14";
				CLANG_CXX_LIBRARY = "libc++";
				CLANG_ENABLE_MODULES = YES;
				CLANG_ENABLE_OBJC_ARC = YES;
				CLANG_WARN_BLOCK_CAPTURE_AUTORELEASING = YES;
				CLANG_WARN_BOOL_CONVERSION = YES;
				CLANG_WARN_COMMA = YES;
				CLANG_WARN_CONSTANT_CONVERSION = YES;
				CLANG_WARN_DIRECT_OBJC_ISA_USAGE = YES_ERROR;
				CLANG_WARN_DOCUMENTATION_COMMENTS = YES;
				CLANG_WARN_EMPTY_BODY = YES;
				CLANG_WARN_ENUM_CONVERSION = YES;
				CLANG_WARN_INFINITE_RECURSION = YES;
				CLANG_WARN_INT_CONVERSION = YES;
				CLANG_WARN_NON_LITERAL_NULL_CONVERSION = YES;
				CLANG_WARN_OBJC_LITERAL_CONVERSION = YES;
				CLANG_WARN_OBJC_ROOT_CLASS = YES_ERROR;
				CLANG_WARN_RANGE_LOOP_ANALYSIS = YES;
				CLANG_WARN_STRICT_PROTOTYPES = YES;
				CLANG_WARN_SUSPICIOUS_MOVE = YES;
				CLANG_WARN_UNGUARDED_AVAILABILITY = YES_AGGRESSIVE;
				CLANG_WARN_UNREACHABLE_CODE = YES;
				CLANG_WARN__DUPLICATE_METHOD_MATCH = YES;
				CODE_SIGN_IDENTITY = "iPhone Developer";
				COPY_PHASE_STRIP = NO;
				DEBUG_INFORMATION_FORMAT = "dwarf-with-dsym";
				ENABLE_NS_ASSERTIONS = NO;
				ENABLE_STRICT_OBJC_MSGSEND = YES;
				GCC_C_LANGUAGE_STANDARD = gnu11;
				GCC_NO_COMMON_BLOCKS = YES;
				GCC_WARN_64_TO_32_BIT_CONVERSION = YES;
				GCC_WARN_ABOUT_RETURN_TYPE = YES_ERROR;
				GCC_WARN_UNDECLARED_SELECTOR = YES;
				GCC_WARN_UNINITIALIZED_AUTOS = YES_AGGRESSIVE;
				GCC_WARN_UNUSED_FUNCTION = YES;
				GCC_WARN_UNUSED_VARIABLE = YES;
				IPHONEOS_DEPLOYMENT_TARGET = 11.2;
				MTL_ENABLE_DEBUG_INFO = NO;
				SDKROOT = iphoneos;
				VALIDATE_PRODUCT = YES;
			};
			name = Release;
		};
		328993BE20747AD9007BCA79 /* Debug */ = {
			isa = XCBuildConfiguration;
			buildSettings = {
				ASSETCATALOG_COMPILER_APPICON_NAME = AppIcon;
				CODE_SIGN_STYLE = Automatic;
				DEVELOPMENT_TEAM = 49T87S5RLN;
				INFOPLIST_FILE = Test/Info.plist;
				LD_RUNPATH_SEARCH_PATHS = "$(inherited) @executable_path/Frameworks";
				PRODUCT_BUNDLE_IDENTIFIER = com.wanggang.Test;
				PRODUCT_NAME = "$(TARGET_NAME)";
				TARGETED_DEVICE_FAMILY = "1,2";
			};
			name = Debug;
		};
		328993BF20747AD9007BCA79 /* Release */ = {
			isa = XCBuildConfiguration;
			buildSettings = {
				ASSETCATALOG_COMPILER_APPICON_NAME = AppIcon;
				CODE_SIGN_STYLE = Automatic;
				DEVELOPMENT_TEAM = 49T87S5RLN;
				INFOPLIST_FILE = Test/Info.plist;
				LD_RUNPATH_SEARCH_PATHS = "$(inherited) @executable_path/Frameworks";
				PRODUCT_BUNDLE_IDENTIFIER = com.wanggang.Test;
				PRODUCT_NAME = "$(TARGET_NAME)";
				TARGETED_DEVICE_FAMILY = "1,2";
			};
			name = Release;
		};
		328993C120747AD9007BCA79 /* Debug */ = {
			isa = XCBuildConfiguration;
			buildSettings = {
				BUNDLE_LOADER = "$(TEST_HOST)";
				CODE_SIGN_STYLE = Automatic;
				DEVELOPMENT_TEAM = 49T87S5RLN;
				INFOPLIST_FILE = TestTests/Info.plist;
				LD_RUNPATH_SEARCH_PATHS = "$(inherited) @executable_path/Frameworks @loader_path/Frameworks";
				PRODUCT_BUNDLE_IDENTIFIER = com.wanggang.TestTests;
				PRODUCT_NAME = "$(TARGET_NAME)";
				TARGETED_DEVICE_FAMILY = "1,2";
				TEST_HOST = "$(BUILT_PRODUCTS_DIR)/Test.app/Test";
			};
			name = Debug;
		};
		328993C220747AD9007BCA79 /* Release */ = {
			isa = XCBuildConfiguration;
			buildSettings = {
				BUNDLE_LOADER = "$(TEST_HOST)";
				CODE_SIGN_STYLE = Automatic;
				DEVELOPMENT_TEAM = 49T87S5RLN;
				INFOPLIST_FILE = TestTests/Info.plist;
				LD_RUNPATH_SEARCH_PATHS = "$(inherited) @executable_path/Frameworks @loader_path/Frameworks";
				PRODUCT_BUNDLE_IDENTIFIER = com.wanggang.TestTests;
				PRODUCT_NAME = "$(TARGET_NAME)";
				TARGETED_DEVICE_FAMILY = "1,2";
				TEST_HOST = "$(BUILT_PRODUCTS_DIR)/Test.app/Test";
			};
			name = Release;
		};
		328993C420747AD9007BCA79 /* Debug */ = {
			isa = XCBuildConfiguration;
			buildSettings = {
				CODE_SIGN_STYLE = Automatic;
				DEVELOPMENT_TEAM = 49T87S5RLN;
				INFOPLIST_FILE = TestUITests/Info.plist;
				LD_RUNPATH_SEARCH_PATHS = "$(inherited) @executable_path/Frameworks @loader_path/Frameworks";
				PRODUCT_BUNDLE_IDENTIFIER = com.wanggang.TestUITests;
				PRODUCT_NAME = "$(TARGET_NAME)";
				TARGETED_DEVICE_FAMILY = "1,2";
				TEST_TARGET_NAME = Test;
			};
			name = Debug;
		};
		328993C520747AD9007BCA79 /* Release */ = {
			isa = XCBuildConfiguration;
			buildSettings = {
				CODE_SIGN_STYLE = Automatic;
				DEVELOPMENT_TEAM = 49T87S5RLN;
				INFOPLIST_FILE = TestUITests/Info.plist;
				LD_RUNPATH_SEARCH_PATHS = "$(inherited) @executable_path/Frameworks @loader_path/Frameworks";
				PRODUCT_BUNDLE_IDENTIFIER = com.wanggang.TestUITests;
				PRODUCT_NAME = "$(TARGET_NAME)";
				TARGETED_DEVICE_FAMILY = "1,2";
				TEST_TARGET_NAME = Test;
			};
			name = Release;
		};
/* End XCBuildConfiguration section */

/* Begin XCConfigurationList section */
		3289938C20747AD9007BCA79 /* Build configuration list for PBXProject "Test" */ = {
			isa = XCConfigurationList;
			buildConfigurations = (
				328993BB20747AD9007BCA79 /* Debug */,
				328993BC20747AD9007BCA79 /* Release */,
			);
			defaultConfigurationIsVisible = 0;
			defaultConfigurationName = Release;
		};
		328993BD20747AD9007BCA79 /* Build configuration list for PBXNativeTarget "Test" */ = {
			isa = XCConfigurationList;
			buildConfigurations = (
				328993BE20747AD9007BCA79 /* Debug */,
				328993BF20747AD9007BCA79 /* Release */,
			);
			defaultConfigurationIsVisible = 0;
			defaultConfigurationName = Release;
		};
		328993C020747AD9007BCA79 /* Build configuration list for PBXNativeTarget "TestTests" */ = {
			isa = XCConfigurationList;
			buildConfigurations = (
				328993C120747AD9007BCA79 /* Debug */,
				328993C220747AD9007BCA79 /* Release */,
			);
			defaultConfigurationIsVisible = 0;
			defaultConfigurationName = Release;
		};
		328993C320747AD9007BCA79 /* Build configuration list for PBXNativeTarget "TestUITests" */ = {
			isa = XCConfigurationList;
			buildConfigurations = (
				328993C420747AD9007BCA79 /* Debug */,
				328993C520747AD9007BCA79 /* Release */,
			);
			defaultConfigurationIsVisible = 0;
			defaultConfigurationName = Release;
		};
/* End XCConfigurationList section */
	};
	rootObject = 3289938920747AD9007BCA79 /* Project object */;
}
